
Microsoft Visual Studio Solution File, Format Version 12.00
Project("{FAE04EC0-301F-11D3-BF4B-00C04F79EFBC}") = "P01_Singleton", "P01_Singleton\P01_Singleton.csproj", "{6B8D187A-7A88-4E6B-AA84-BFCE467687AA}"
EndProject
Project("{2150E333-8FDC-42A3-9474-1A3956D46DE8}") = "src", "src", "{4DAFC6E7-5A7A-4FC4-BE98-E1FB73DCD7AA}"
EndProject
Project("{2150E333-8FDC-42A3-9474-1A3956D46DE8}") = "test", "test", "{0FDEE957-882F-4BC0-91BA-E0D4AC24EAB2}"
EndProject
Project("{FAE04EC0-301F-11D3-BF4B-00C04F79EFBC}") = "P01_SingletonTests", "P01_SingletonTests\P01_SingletonTests.csproj", "{A1CEF4E4-6B1A-4B48-A660-533A8E278C16}"
EndProject
Project("{FAE04EC0-301F-11D3-BF4B-00C04F79EFBC}") = "P02_Factory", "P02_Factory\P02_Factory.csproj", "{0FDAF1E4-0BDA-4477-A629-430E947403BC}"
EndProject
Project("{FAE04EC0-301F-11D3-BF4B-00C04F79EFBC}") = "P03_Builder", "P03_Builder\P03_Builder.csproj", "{C652741D-04BC-4C3E-99AC-11A96A1FD4A8}"
EndProject
Project("{FAE04EC0-301F-11D3-BF4B-00C04F79EFBC}") = "P03_BuilderTests", "P03_BuilderTests\P03_BuilderTests.csproj", "{8BFA58BD-1E2D-4A4F-A6EE-70E6C5812577}"
EndProject
Project("{FAE04EC0-301F-11D3-BF4B-00C04F79EFBC}") = "P04_Proxy", "P04_Proxy\P04_Proxy.csproj", "{09E2963D-991F-4338-9509-395FDF74F9B7}"
EndProject
Project("{FAE04EC0-301F-11D3-BF4B-00C04F79EFBC}") = "P04_ProxyTests", "P04_ProxyTests\P04_ProxyTests.csproj", "{71C35E3B-AEDE-4FA3-9FA7-83F8EDA47733}"
EndProject
Project("{FAE04EC0-301F-11D3-BF4B-00C04F79EFBC}") = "P05_Decorator", "P05_Decorator\P05_Decorator.csproj", "{C1E0958E-4928-498A-BD94-EB385729E8AB}"
EndProject
Project("{FAE04EC0-301F-11D3-BF4B-00C04F79EFBC}") = "P05_DecoratorTests", "P05_DecoratorTests\P05_DecoratorTests.csproj", "{D2AE247F-FCB8-4ECC-80B5-320FAC5E6814}"
EndProject
Project("{FAE04EC0-301F-11D3-BF4B-00C04F79EFBC}") = "P06_Composite", "P06_Composite\P06_Composite.csproj", "{E2F53D6E-AFF3-444D-A218-A52F67B0532E}"
EndProject
Project("{FAE04EC0-301F-11D3-BF4B-00C04F79EFBC}") = "P06_CompositeTests", "P06_CompositeTests\P06_CompositeTests.csproj", "{33F1EACF-A42E-4B8E-BB51-3A59715BFACC}"
EndProject
Project("{FAE04EC0-301F-11D3-BF4B-00C04F79EFBC}") = "P07_Interpreter", "P07_Interpreter\P07_Interpreter.csproj", "{A96405B2-4CF4-40B5-B0C8-36FCF9B1DF6D}"
EndProject
Project("{FAE04EC0-301F-11D3-BF4B-00C04F79EFBC}") = "P07_InterpreterTests", "P07_InterpreterTests\P07_InterpreterTests.csproj", "{8A3E710D-65EC-4259-ACF4-8F6BCD21FE07}"
EndProject
Project("{FAE04EC0-301F-11D3-BF4B-00C04F79EFBC}") = "P08_Observer", "P08_Observer\P08_Observer.csproj", "{7C0ABD8E-8102-4D99-81C0-8D8580E181E0}"
EndProject
Project("{FAE04EC0-301F-11D3-BF4B-00C04F79EFBC}") = "P08_ObserverTests", "P08_ObserverTests\P08_ObserverTests.csproj", "{479B041F-C2E9-4184-8E4C-8215C297D672}"
EndProject
Project("{FAE04EC0-301F-11D3-BF4B-00C04F79EFBC}") = "P09_ResponsibilityChain", "P09_ResponsibilityChain\P09_ResponsibilityChain.csproj", "{D8001AFB-6519-49E6-94F1-22E1C61D9BBE}"
EndProject
Project("{FAE04EC0-301F-11D3-BF4B-00C04F79EFBC}") = "P09_ResponsibilityChainTests", "P09_ResponsibilityChainTests\P09_ResponsibilityChainTests.csproj", "{5E5FAF34-F605-4C4A-B292-B65D6F3D42F1}"
EndProject
Project("{FAE04EC0-301F-11D3-BF4B-00C04F79EFBC}") = "P10_Command", "P10_Command\P10_Command.csproj", "{AA05A633-37CB-4B60-AA44-B6D3DBD6FDBF}"
EndProject
Project("{FAE04EC0-301F-11D3-BF4B-00C04F79EFBC}") = "P10_CommandTests", "P10_CommandTests\P10_CommandTests.csproj", "{E2EC5FD2-7486-4D1F-8DD0-C44652043DBB}"
EndProject
Global
	GlobalSection(SolutionConfigurationPlatforms) = preSolution
		Debug|Any CPU = Debug|Any CPU
		Release|Any CPU = Release|Any CPU
	EndGlobalSection
	GlobalSection(ProjectConfigurationPlatforms) = postSolution
		{6B8D187A-7A88-4E6B-AA84-BFCE467687AA}.Debug|Any CPU.ActiveCfg = Debug|Any CPU
		{6B8D187A-7A88-4E6B-AA84-BFCE467687AA}.Debug|Any CPU.Build.0 = Debug|Any CPU
		{6B8D187A-7A88-4E6B-AA84-BFCE467687AA}.Release|Any CPU.ActiveCfg = Release|Any CPU
		{6B8D187A-7A88-4E6B-AA84-BFCE467687AA}.Release|Any CPU.Build.0 = Release|Any CPU
		{A1CEF4E4-6B1A-4B48-A660-533A8E278C16}.Debug|Any CPU.ActiveCfg = Debug|Any CPU
		{A1CEF4E4-6B1A-4B48-A660-533A8E278C16}.Debug|Any CPU.Build.0 = Debug|Any CPU
		{A1CEF4E4-6B1A-4B48-A660-533A8E278C16}.Release|Any CPU.ActiveCfg = Release|Any CPU
		{A1CEF4E4-6B1A-4B48-A660-533A8E278C16}.Release|Any CPU.Build.0 = Release|Any CPU
		{0FDAF1E4-0BDA-4477-A629-430E947403BC}.Debug|Any CPU.ActiveCfg = Debug|Any CPU
		{0FDAF1E4-0BDA-4477-A629-430E947403BC}.Debug|Any CPU.Build.0 = Debug|Any CPU
		{0FDAF1E4-0BDA-4477-A629-430E947403BC}.Release|Any CPU.ActiveCfg = Release|Any CPU
		{0FDAF1E4-0BDA-4477-A629-430E947403BC}.Release|Any CPU.Build.0 = Release|Any CPU
		{C652741D-04BC-4C3E-99AC-11A96A1FD4A8}.Debug|Any CPU.ActiveCfg = Debug|Any CPU
		{C652741D-04BC-4C3E-99AC-11A96A1FD4A8}.Debug|Any CPU.Build.0 = Debug|Any CPU
		{C652741D-04BC-4C3E-99AC-11A96A1FD4A8}.Release|Any CPU.ActiveCfg = Release|Any CPU
		{C652741D-04BC-4C3E-99AC-11A96A1FD4A8}.Release|Any CPU.Build.0 = Release|Any CPU
		{8BFA58BD-1E2D-4A4F-A6EE-70E6C5812577}.Debug|Any CPU.ActiveCfg = Debug|Any CPU
		{8BFA58BD-1E2D-4A4F-A6EE-70E6C5812577}.Debug|Any CPU.Build.0 = Debug|Any CPU
		{8BFA58BD-1E2D-4A4F-A6EE-70E6C5812577}.Release|Any CPU.ActiveCfg = Release|Any CPU
		{8BFA58BD-1E2D-4A4F-A6EE-70E6C5812577}.Release|Any CPU.Build.0 = Release|Any CPU
		{09E2963D-991F-4338-9509-395FDF74F9B7}.Debug|Any CPU.ActiveCfg = Debug|Any CPU
		{09E2963D-991F-4338-9509-395FDF74F9B7}.Debug|Any CPU.Build.0 = Debug|Any CPU
		{09E2963D-991F-4338-9509-395FDF74F9B7}.Release|Any CPU.ActiveCfg = Release|Any CPU
		{09E2963D-991F-4338-9509-395FDF74F9B7}.Release|Any CPU.Build.0 = Release|Any CPU
		{71C35E3B-AEDE-4FA3-9FA7-83F8EDA47733}.Debug|Any CPU.ActiveCfg = Debug|Any CPU
		{71C35E3B-AEDE-4FA3-9FA7-83F8EDA47733}.Debug|Any CPU.Build.0 = Debug|Any CPU
		{71C35E3B-AEDE-4FA3-9FA7-83F8EDA47733}.Release|Any CPU.ActiveCfg = Release|Any CPU
		{71C35E3B-AEDE-4FA3-9FA7-83F8EDA47733}.Release|Any CPU.Build.0 = Release|Any CPU
		{C1E0958E-4928-498A-BD94-EB385729E8AB}.Debug|Any CPU.ActiveCfg = Debug|Any CPU
		{C1E0958E-4928-498A-BD94-EB385729E8AB}.Debug|Any CPU.Build.0 = Debug|Any CPU
		{C1E0958E-4928-498A-BD94-EB385729E8AB}.Release|Any CPU.ActiveCfg = Release|Any CPU
		{C1E0958E-4928-498A-BD94-EB385729E8AB}.Release|Any CPU.Build.0 = Release|Any CPU
		{D2AE247F-FCB8-4ECC-80B5-320FAC5E6814}.Debug|Any CPU.ActiveCfg = Debug|Any CPU
		{D2AE247F-FCB8-4ECC-80B5-320FAC5E6814}.Debug|Any CPU.Build.0 = Debug|Any CPU
		{D2AE247F-FCB8-4ECC-80B5-320FAC5E6814}.Release|Any CPU.ActiveCfg = Release|Any CPU
		{D2AE247F-FCB8-4ECC-80B5-320FAC5E6814}.Release|Any CPU.Build.0 = Release|Any CPU
		{E2F53D6E-AFF3-444D-A218-A52F67B0532E}.Debug|Any CPU.ActiveCfg = Debug|Any CPU
		{E2F53D6E-AFF3-444D-A218-A52F67B0532E}.Debug|Any CPU.Build.0 = Debug|Any CPU
		{E2F53D6E-AFF3-444D-A218-A52F67B0532E}.Release|Any CPU.ActiveCfg = Release|Any CPU
		{E2F53D6E-AFF3-444D-A218-A52F67B0532E}.Release|Any CPU.Build.0 = Release|Any CPU
		{33F1EACF-A42E-4B8E-BB51-3A59715BFACC}.Debug|Any CPU.ActiveCfg = Debug|Any CPU
		{33F1EACF-A42E-4B8E-BB51-3A59715BFACC}.Debug|Any CPU.Build.0 = Debug|Any CPU
		{33F1EACF-A42E-4B8E-BB51-3A59715BFACC}.Release|Any CPU.ActiveCfg = Release|Any CPU
		{33F1EACF-A42E-4B8E-BB51-3A59715BFACC}.Release|Any CPU.Build.0 = Release|Any CPU
		{A96405B2-4CF4-40B5-B0C8-36FCF9B1DF6D}.Debug|Any CPU.ActiveCfg = Debug|Any CPU
		{A96405B2-4CF4-40B5-B0C8-36FCF9B1DF6D}.Debug|Any CPU.Build.0 = Debug|Any CPU
		{A96405B2-4CF4-40B5-B0C8-36FCF9B1DF6D}.Release|Any CPU.ActiveCfg = Release|Any CPU
		{A96405B2-4CF4-40B5-B0C8-36FCF9B1DF6D}.Release|Any CPU.Build.0 = Release|Any CPU
		{8A3E710D-65EC-4259-ACF4-8F6BCD21FE07}.Debug|Any CPU.ActiveCfg = Debug|Any CPU
		{8A3E710D-65EC-4259-ACF4-8F6BCD21FE07}.Debug|Any CPU.Build.0 = Debug|Any CPU
		{8A3E710D-65EC-4259-ACF4-8F6BCD21FE07}.Release|Any CPU.ActiveCfg = Release|Any CPU
		{8A3E710D-65EC-4259-ACF4-8F6BCD21FE07}.Release|Any CPU.Build.0 = Release|Any CPU
		{7C0ABD8E-8102-4D99-81C0-8D8580E181E0}.Debug|Any CPU.ActiveCfg = Debug|Any CPU
		{7C0ABD8E-8102-4D99-81C0-8D8580E181E0}.Debug|Any CPU.Build.0 = Debug|Any CPU
		{7C0ABD8E-8102-4D99-81C0-8D8580E181E0}.Release|Any CPU.ActiveCfg = Release|Any CPU
		{7C0ABD8E-8102-4D99-81C0-8D8580E181E0}.Release|Any CPU.Build.0 = Release|Any CPU
		{479B041F-C2E9-4184-8E4C-8215C297D672}.Debug|Any CPU.ActiveCfg = Debug|Any CPU
		{479B041F-C2E9-4184-8E4C-8215C297D672}.Debug|Any CPU.Build.0 = Debug|Any CPU
		{479B041F-C2E9-4184-8E4C-8215C297D672}.Release|Any CPU.ActiveCfg = Release|Any CPU
		{479B041F-C2E9-4184-8E4C-8215C297D672}.Release|Any CPU.Build.0 = Release|Any CPU
		{D8001AFB-6519-49E6-94F1-22E1C61D9BBE}.Debug|Any CPU.ActiveCfg = Debug|Any CPU
		{D8001AFB-6519-49E6-94F1-22E1C61D9BBE}.Debug|Any CPU.Build.0 = Debug|Any CPU
		{D8001AFB-6519-49E6-94F1-22E1C61D9BBE}.Release|Any CPU.ActiveCfg = Release|Any CPU
		{D8001AFB-6519-49E6-94F1-22E1C61D9BBE}.Release|Any CPU.Build.0 = Release|Any CPU
		{5E5FAF34-F605-4C4A-B292-B65D6F3D42F1}.Debug|Any CPU.ActiveCfg = Debug|Any CPU
		{5E5FAF34-F605-4C4A-B292-B65D6F3D42F1}.Debug|Any CPU.Build.0 = Debug|Any CPU
		{5E5FAF34-F605-4C4A-B292-B65D6F3D42F1}.Release|Any CPU.ActiveCfg = Release|Any CPU
		{5E5FAF34-F605-4C4A-B292-B65D6F3D42F1}.Release|Any CPU.Build.0 = Release|Any CPU
		{AA05A633-37CB-4B60-AA44-B6D3DBD6FDBF}.Debug|Any CPU.ActiveCfg = Debug|Any CPU
		{AA05A633-37CB-4B60-AA44-B6D3DBD6FDBF}.Debug|Any CPU.Build.0 = Debug|Any CPU
		{AA05A633-37CB-4B60-AA44-B6D3DBD6FDBF}.Release|Any CPU.ActiveCfg = Release|Any CPU
		{AA05A633-37CB-4B60-AA44-B6D3DBD6FDBF}.Release|Any CPU.Build.0 = Release|Any CPU
		{E2EC5FD2-7486-4D1F-8DD0-C44652043DBB}.Debug|Any CPU.ActiveCfg = Debug|Any CPU
		{E2EC5FD2-7486-4D1F-8DD0-C44652043DBB}.Debug|Any CPU.Build.0 = Debug|Any CPU
		{E2EC5FD2-7486-4D1F-8DD0-C44652043DBB}.Release|Any CPU.ActiveCfg = Release|Any CPU
		{E2EC5FD2-7486-4D1F-8DD0-C44652043DBB}.Release|Any CPU.Build.0 = Release|Any CPU
	EndGlobalSection
	GlobalSection(NestedProjects) = preSolution
		{6B8D187A-7A88-4E6B-AA84-BFCE467687AA} = {4DAFC6E7-5A7A-4FC4-BE98-E1FB73DCD7AA}
		{A1CEF4E4-6B1A-4B48-A660-533A8E278C16} = {0FDEE957-882F-4BC0-91BA-E0D4AC24EAB2}
		{0FDAF1E4-0BDA-4477-A629-430E947403BC} = {4DAFC6E7-5A7A-4FC4-BE98-E1FB73DCD7AA}
		{C652741D-04BC-4C3E-99AC-11A96A1FD4A8} = {4DAFC6E7-5A7A-4FC4-BE98-E1FB73DCD7AA}
		{8BFA58BD-1E2D-4A4F-A6EE-70E6C5812577} = {0FDEE957-882F-4BC0-91BA-E0D4AC24EAB2}
		{09E2963D-991F-4338-9509-395FDF74F9B7} = {4DAFC6E7-5A7A-4FC4-BE98-E1FB73DCD7AA}
		{71C35E3B-AEDE-4FA3-9FA7-83F8EDA47733} = {0FDEE957-882F-4BC0-91BA-E0D4AC24EAB2}
		{C1E0958E-4928-498A-BD94-EB385729E8AB} = {4DAFC6E7-5A7A-4FC4-BE98-E1FB73DCD7AA}
		{D2AE247F-FCB8-4ECC-80B5-320FAC5E6814} = {0FDEE957-882F-4BC0-91BA-E0D4AC24EAB2}
		{E2F53D6E-AFF3-444D-A218-A52F67B0532E} = {4DAFC6E7-5A7A-4FC4-BE98-E1FB73DCD7AA}
		{33F1EACF-A42E-4B8E-BB51-3A59715BFACC} = {0FDEE957-882F-4BC0-91BA-E0D4AC24EAB2}
		{A96405B2-4CF4-40B5-B0C8-36FCF9B1DF6D} = {4DAFC6E7-5A7A-4FC4-BE98-E1FB73DCD7AA}
		{8A3E710D-65EC-4259-ACF4-8F6BCD21FE07} = {0FDEE957-882F-4BC0-91BA-E0D4AC24EAB2}
		{7C0ABD8E-8102-4D99-81C0-8D8580E181E0} = {4DAFC6E7-5A7A-4FC4-BE98-E1FB73DCD7AA}
		{479B041F-C2E9-4184-8E4C-8215C297D672} = {0FDEE957-882F-4BC0-91BA-E0D4AC24EAB2}
		{D8001AFB-6519-49E6-94F1-22E1C61D9BBE} = {4DAFC6E7-5A7A-4FC4-BE98-E1FB73DCD7AA}
		{5E5FAF34-F605-4C4A-B292-B65D6F3D42F1} = {0FDEE957-882F-4BC0-91BA-E0D4AC24EAB2}
		{AA05A633-37CB-4B60-AA44-B6D3DBD6FDBF} = {4DAFC6E7-5A7A-4FC4-BE98-E1FB73DCD7AA}
		{E2EC5FD2-7486-4D1F-8DD0-C44652043DBB} = {0FDEE957-882F-4BC0-91BA-E0D4AC24EAB2}
	EndGlobalSection
EndGlobal
